lockfileVersion: '9.0'

settings:
  autoInstallPeers: true
  excludeLinksFromLockfile: false

importers:

  .:
    devDependencies:
      i18n-jsautotranslate:
        specifier: ^3.12.0
        version: 3.12.0

packages:

  i18n-jsautotranslate@3.12.0:
    resolution: {integrity: sha512-lOTnrxFv3LejzKYOlthuxAUcnfr14drQRsYLuB4WD5dA2/SHPLujv113gj1Ke+O4BpTl+88IR/v7/bXAiZk8Yg==}

snapshots:

  i18n-jsautotranslate@3.12.0: {}
